
Microsoft Visual Studio Solution File, Format Version 12.00
# Visual Studio Version 17
VisualStudioVersion = 17.1.32228.430
MinimumVisualStudioVersion = 10.0.40219.1
Project("{FAE04EC0-301F-11D3-BF4B-00C04F79EFBC}") = "Workshop_4", "Workshop_4\Workshop_4.csproj", "{5DC3F705-1DE3-4778-92B7-0FBF0D4B29BD}"
EndProject
Global
	GlobalSection(SolutionConfigurationPlatforms) = preSolution
		Debug|Any CPU = Debug|Any CPU
		Release|Any CPU = Release|Any CPU
	EndGlobalSection
	GlobalSection(ProjectConfigurationPlatforms) = postSolution
		{5DC3F705-1DE3-4778-92B7-0FBF0D4B29BD}.Debug|Any CPU.ActiveCfg = Debug|Any CPU
		{5DC3F705-1DE3-4778-92B7-0FBF0D4B29BD}.Debug|Any CPU.Build.0 = Debug|Any CPU
		{5DC3F705-1DE3-4778-92B7-0FBF0D4B29BD}.Release|Any CPU.ActiveCfg = Release|Any CPU
		{5DC3F705-1DE3-4778-92B7-0FBF0D4B29BD}.Release|Any CPU.Build.0 = Release|Any CPU
	EndGlobalSection
	GlobalSection(SolutionProperties) = preSolution
		HideSolutionNode = FALSE
	EndGlobalSection
	GlobalSection(ExtensibilityGlobals) = postSolution
		SolutionGuid = {A2B21B1E-B83D-4C66-9863-86BEB026852B}
	EndGlobalSection
EndGlobal
